{
  "version": 4,
  "terraform_version": "1.15.7",
  "serial": 125,
  "lineage": "0a6f79d7-25af-644a-2d71-b69db7060c5c",
  "outputs": {
    "alb_dns_name": {
      "value": null,
      "type": "string"
    },
    "alb_security_group_id": {
      "value": null,
      "type": "string"
    },
    "cluster_name": {
      "value": null,
      "type": "string"
    },
    "ecs_execution_role_arn": {
      "value": null,
      "type": "string"
    },
    "ecs_security_group_id": {
      "value": null,
      "type": "string"
    },
    "pipeline_artifact_bucket": {
      "value": null,
      "type": "string"
    },
    "public_subnets": {
      "value": [
        null,
        null
      ],
      "type": [
        "tuple",
        [
          "string",
          "string"
        ]
      ]
    },
    "repository_url": {
      "value": "123515105191.dkr.ecr.us-east-1.amazonaws.com/topic-modeling-repo",
      "type": "string"
    },
    "vpc_id": {
      "value": null,
      "type": "string"
    }
  },
  "resources": [
    {
      "mode": "data",
      "type": "aws_caller_identity",
      "name": "current",
      "provider": "provider[\"registry.terraform.io/hashicorp/aws\"]",
      "instances": [
        {
          "schema_version": 0,
          "attributes": {
            "account_id": "123515105191",
            "arn": "arn:aws:iam::123515105191:user/Terraform-user",
            "id": "123515105191",
            "user_id": "AIDARZQQS56TQ5DHKGPNS"
          },
          "sensitive_attributes": [],
          "identity_schema_version": 0
        }
      ]
    },
    {
      "mode": "managed",
      "type": "aws_ecr_repository",
      "name": "main",
      "provider": "provider[\"registry.terraform.io/hashicorp/aws\"]",
      "instances": [
        {
          "schema_version": 0,
          "attributes": {
            "arn": "arn:aws:ecr:us-east-1:123515105191:repository/topic-modeling-repo",
            "encryption_configuration": [
              {
                "encryption_type": "AES256",
                "kms_key": ""
              }
            ],
            "force_delete": null,
            "id": "topic-modeling-repo",
            "image_scanning_configuration": [
              {
                "scan_on_push": true
              }
            ],
            "image_tag_mutability": "MUTABLE",
            "name": "topic-modeling-repo",
            "registry_id": "123515105191",
            "repository_url": "123515105191.dkr.ecr.us-east-1.amazonaws.com/topic-modeling-repo",
            "tags": {},
            "tags_all": {
              "Environment": "dev",
              "ManagedBy": "Terraform",
              "Owner": "Eeshan",
              "Project": "topic-modeling"
            },
            "timeouts": null
          },
          "sensitive_attributes": [],
          "identity_schema_version": 0,
          "private": "eyJlMmJmYjczMC1lY2FhLTExZTYtOGY4OC0zNDM2M2JjN2M0YzAiOnsiZGVsZXRlIjoxMjAwMDAwMDAwMDAwfSwic2NoZW1hX3ZlcnNpb24iOiIwIn0="
        }
      ]
    }
  ],
  "check_results": null
}
