{
  "version": 4,
  "terraform_version": "1.15.7",
  "serial": 3,
  "lineage": "f96fff7d-4488-3b54-3b39-eb6a9b7747b5",
  "outputs": {
    "repository_url": {
      "value": "123515105191.dkr.ecr.us-east-1.amazonaws.com/topic-modeling-repo",
      "type": "string"
    }
  },
  "resources": [
    {
      "mode": "managed",
      "type": "aws_ecr_repository",
      "name": "topic_model_repo",
      "provider": "provider[\"registry.terraform.io/hashicorp/aws\"]",
      "instances": [
        {
          "schema_version": 0,
          "attributes": {
            "arn": "arn:aws:ecr:us-east-1:123515105191:repository/topic-modeling-repo",
            "encryption_configuration": [
              {
                "encryption_type": "AES256",
                "kms_key": ""
              }
            ],
            "force_delete": true,
            "id": "topic-modeling-repo",
            "image_scanning_configuration": [
              {
                "scan_on_push": true
              }
            ],
            "image_tag_mutability": "MUTABLE",
            "name": "topic-modeling-repo",
            "registry_id": "123515105191",
            "repository_url": "123515105191.dkr.ecr.us-east-1.amazonaws.com/topic-modeling-repo",
            "tags": {
              "Environment": "dev",
              "Project": "topic-modeling"
            },
            "tags_all": {
              "Environment": "dev",
              "Project": "topic-modeling"
            },
            "timeouts": null
          },
          "sensitive_attributes": [],
          "identity_schema_version": 0,
          "private": "eyJlMmJmYjczMC1lY2FhLTExZTYtOGY4OC0zNDM2M2JjN2M0YzAiOnsiZGVsZXRlIjoxMjAwMDAwMDAwMDAwfX0="
        }
      ]
    }
  ],
  "check_results": null
}
